{
  "version": 4,
  "terraform_version": "1.5.7",
  "serial": 26,
  "lineage": "8d193f78-dfb9-194d-f7c2-aaeda94349ca",
  "outputs": {
    "bucket_url": {
      "value": "http://resume-site-2.storage.googleapis.com",
      "type": "string"
    },
    "load_balancer_ip": {
      "value": "34.107.228.0",
      "type": "string"
    },
    "website_url": {
      "value": "http://resume-site-2.storage.googleapis.com",
      "type": "string"
    }
  },
  "resources": [
    {
      "mode": "managed",
      "type": "google_compute_backend_bucket",
      "name": "static_backend",
      "provider": "provider[\"registry.terraform.io/hashicorp/google\"]",
      "instances": [
        {
          "schema_version": 0,
          "attributes": {
            "bucket_name": "resume-site-2",
            "cdn_policy": [
              {
                "bypass_cache_on_request_headers": [],
                "cache_key_policy": [],
                "cache_mode": "CACHE_ALL_STATIC",
                "client_ttl": 3600,
                "default_ttl": 3600,
                "max_ttl": 86400,
                "negative_caching": true,
                "negative_caching_policy": [],
                "request_coalescing": true,
                "serve_while_stale": 86400,
                "signed_url_cache_max_age_sec": 0
              }
            ],
            "compression_mode": "",
            "creation_timestamp": "2025-06-25T06:22:27.385-07:00",
            "custom_response_headers": [],
            "description": "",
            "edge_security_policy": "",
            "enable_cdn": true,
            "id": "projects/portfolio-website-464012/global/backendBuckets/static-backend",
            "name": "static-backend",
            "project": "portfolio-website-464012",
            "self_link": "https://www.googleapis.com/compute/v1/projects/portfolio-website-464012/global/backendBuckets/static-backend",
            "timeouts": null
          },
          "sensitive_attributes": [],
          "private": "eyJlMmJmYjczMC1lY2FhLTExZTYtOGY4OC0zNDM2M2JjN2M0YzAiOnsiY3JlYXRlIjoxMjAwMDAwMDAwMDAwLCJkZWxldGUiOjEyMDAwMDAwMDAwMDAsInVwZGF0ZSI6MTIwMDAwMDAwMDAwMH19",
          "dependencies": [
            "google_storage_bucket.resume_site"
          ]
        }
      ]
    },
    {
      "mode": "managed",
      "type": "google_compute_global_address",
      "name": "static_ip",
      "provider": "provider[\"registry.terraform.io/hashicorp/google\"]",
      "instances": [
        {
          "schema_version": 0,
          "attributes": {
            "address": "34.107.228.0",
            "address_type": "EXTERNAL",
            "creation_timestamp": "2025-06-25T06:22:24.979-07:00",
            "description": "",
            "effective_labels": {
              "goog-terraform-provisioned": "true"
            },
            "id": "projects/portfolio-website-464012/global/addresses/static-ip",
            "ip_version": "",
            "label_fingerprint": "vezUS-42LLM=",
            "labels": {},
            "name": "static-ip",
            "network": "",
            "prefix_length": 0,
            "project": "portfolio-website-464012",
            "purpose": "",
            "self_link": "https://www.googleapis.com/compute/v1/projects/portfolio-website-464012/global/addresses/static-ip",
            "terraform_labels": {
              "goog-terraform-provisioned": "true"
            },
            "timeouts": null
          },
          "sensitive_attributes": [],
          "private": "eyJlMmJmYjczMC1lY2FhLTExZTYtOGY4OC0zNDM2M2JjN2M0YzAiOnsiY3JlYXRlIjoxMjAwMDAwMDAwMDAwLCJkZWxldGUiOjEyMDAwMDAwMDAwMDAsInVwZGF0ZSI6MTIwMDAwMDAwMDAwMH19"
        }
      ]
    },
    {
      "mode": "managed",
      "type": "google_compute_global_forwarding_rule",
      "name": "http_forwarding_rule",
      "provider": "provider[\"registry.terraform.io/hashicorp/google\"]",
      "instances": [
        {
          "schema_version": 0,
          "attributes": {
            "base_forwarding_rule": "",
            "description": "",
            "effective_labels": {},
            "external_managed_backend_bucket_migration_state": "",
            "external_managed_backend_bucket_migration_testing_percentage": 0,
            "forwarding_rule_id": 3048334822154323652,
            "id": "projects/portfolio-website-464012/global/forwardingRules/http-forwarding-rule",
            "ip_address": "34.107.228.0",
            "ip_protocol": "TCP",
            "ip_version": "",
            "label_fingerprint": "42WmSpB8rSM=",
            "labels": {},
            "load_balancing_scheme": "EXTERNAL",
            "metadata_filters": [],
            "name": "http-forwarding-rule",
            "network": "",
            "network_tier": "PREMIUM",
            "no_automate_dns_zone": null,
            "port_range": "80-80",
            "project": "portfolio-website-464012",
            "psc_connection_id": "",
            "psc_connection_status": "",
            "self_link": "https://www.googleapis.com/compute/v1/projects/portfolio-website-464012/global/forwardingRules/http-forwarding-rule",
            "service_directory_registrations": [],
            "source_ip_ranges": [],
            "subnetwork": "",
            "target": "https://www.googleapis.com/compute/v1/projects/portfolio-website-464012/global/targetHttpProxies/http-proxy",
            "terraform_labels": {},
            "timeouts": null
          },
          "sensitive_attributes": [],
          "private": "eyJlMmJmYjczMC1lY2FhLTExZTYtOGY4OC0zNDM2M2JjN2M0YzAiOnsiY3JlYXRlIjoxMjAwMDAwMDAwMDAwLCJkZWxldGUiOjEyMDAwMDAwMDAwMDAsInVwZGF0ZSI6MTIwMDAwMDAwMDAwMH19",
          "dependencies": [
            "google_compute_global_address.static_ip",
            "google_compute_target_http_proxy.http_proxy",
            "google_compute_url_map.http_redirect"
          ]
        }
      ]
    },
    {
      "mode": "managed",
      "type": "google_compute_global_forwarding_rule",
      "name": "https_forwarding_rule",
      "provider": "provider[\"registry.terraform.io/hashicorp/google\"]",
      "instances": [
        {
          "schema_version": 0,
          "attributes": {
            "base_forwarding_rule": "",
            "description": "",
            "effective_labels": {},
            "external_managed_backend_bucket_migration_state": "",
            "external_managed_backend_bucket_migration_testing_percentage": 0,
            "forwarding_rule_id": 155130077157672660,
            "id": "projects/portfolio-website-464012/global/forwardingRules/https-forwarding-rule",
            "ip_address": "34.107.228.0",
            "ip_protocol": "TCP",
            "ip_version": "",
            "label_fingerprint": "42WmSpB8rSM=",
            "labels": {},
            "load_balancing_scheme": "EXTERNAL",
            "metadata_filters": [],
            "name": "https-forwarding-rule",
            "network": "",
            "network_tier": "PREMIUM",
            "no_automate_dns_zone": null,
            "port_range": "443-443",
            "project": "portfolio-website-464012",
            "psc_connection_id": "",
            "psc_connection_status": "",
            "self_link": "https://www.googleapis.com/compute/v1/projects/portfolio-website-464012/global/forwardingRules/https-forwarding-rule",
            "service_directory_registrations": [],
            "source_ip_ranges": [],
            "subnetwork": "",
            "target": "https://www.googleapis.com/compute/v1/projects/portfolio-website-464012/global/targetHttpsProxies/https-proxy",
            "terraform_labels": {},
            "timeouts": null
          },
          "sensitive_attributes": [],
          "private": "eyJlMmJmYjczMC1lY2FhLTExZTYtOGY4OC0zNDM2M2JjN2M0YzAiOnsiY3JlYXRlIjoxMjAwMDAwMDAwMDAwLCJkZWxldGUiOjEyMDAwMDAwMDAwMDAsInVwZGF0ZSI6MTIwMDAwMDAwMDAwMH19",
          "dependencies": [
            "google_compute_backend_bucket.static_backend",
            "google_compute_global_address.static_ip",
            "google_compute_managed_ssl_certificate.ssl_cert",
            "google_compute_target_https_proxy.https_proxy",
            "google_compute_url_map.lb_url_map",
            "google_storage_bucket.resume_site"
          ]
        }
      ]
    },
    {
      "mode": "managed",
      "type": "google_compute_managed_ssl_certificate",
      "name": "ssl_cert",
      "provider": "provider[\"registry.terraform.io/hashicorp/google\"]",
      "instances": [
        {
          "schema_version": 0,
          "attributes": {
            "certificate_id": 4752854986561832672,
            "creation_timestamp": "2025-06-25T06:22:24.839-07:00",
            "description": "",
            "expire_time": "2025-09-23T06:22:27.000-07:00",
            "id": "projects/portfolio-website-464012/global/sslCertificates/ssl-cert",
            "managed": [
              {
                "domains": [
                  "www.aangiras.com"
                ]
              }
            ],
            "name": "ssl-cert",
            "project": "portfolio-website-464012",
            "self_link": "https://www.googleapis.com/compute/v1/projects/portfolio-website-464012/global/sslCertificates/ssl-cert",
            "subject_alternative_names": [
              "www.aangiras.com"
            ],
            "timeouts": null,
            "type": "MANAGED"
          },
          "sensitive_attributes": [],
          "private": "eyJlMmJmYjczMC1lY2FhLTExZTYtOGY4OC0zNDM2M2JjN2M0YzAiOnsiY3JlYXRlIjoxODAwMDAwMDAwMDAwLCJkZWxldGUiOjE4MDAwMDAwMDAwMDB9fQ=="
        }
      ]
    },
    {
      "mode": "managed",
      "type": "google_compute_target_http_proxy",
      "name": "http_proxy",
      "provider": "provider[\"registry.terraform.io/hashicorp/google\"]",
      "instances": [
        {
          "schema_version": 0,
          "attributes": {
            "creation_timestamp": "2025-06-25T06:22:38.717-07:00",
            "description": "",
            "fingerprint": "aytox-pGEkI=",
            "http_keep_alive_timeout_sec": 0,
            "id": "projects/portfolio-website-464012/global/targetHttpProxies/http-proxy",
            "name": "http-proxy",
            "project": "portfolio-website-464012",
            "proxy_bind": false,
            "proxy_id": 3104134599177291505,
            "self_link": "https://www.googleapis.com/compute/v1/projects/portfolio-website-464012/global/targetHttpProxies/http-proxy",
            "timeouts": null,
            "url_map": "https://www.googleapis.com/compute/v1/projects/portfolio-website-464012/global/urlMaps/http-redirect-map"
          },
          "sensitive_attributes": [],
          "private": "eyJlMmJmYjczMC1lY2FhLTExZTYtOGY4OC0zNDM2M2JjN2M0YzAiOnsiY3JlYXRlIjoxMjAwMDAwMDAwMDAwLCJkZWxldGUiOjEyMDAwMDAwMDAwMDAsInVwZGF0ZSI6MTIwMDAwMDAwMDAwMH19",
          "dependencies": [
            "google_compute_url_map.http_redirect"
          ]
        }
      ]
    },
    {
      "mode": "managed",
      "type": "google_compute_target_https_proxy",
      "name": "https_proxy",
      "provider": "provider[\"registry.terraform.io/hashicorp/google\"]",
      "instances": [
        {
          "schema_version": 0,
          "attributes": {
            "certificate_manager_certificates": [],
            "certificate_map": "",
            "creation_timestamp": "2025-06-25T06:22:53.922-07:00",
            "description": "",
            "fingerprint": "cJVpHqP1z1A=",
            "http_keep_alive_timeout_sec": 0,
            "id": "projects/portfolio-website-464012/global/targetHttpsProxies/https-proxy",
            "name": "https-proxy",
            "project": "portfolio-website-464012",
            "proxy_bind": false,
            "proxy_id": 5946871378206934722,
            "quic_override": "NONE",
            "self_link": "https://www.googleapis.com/compute/v1/projects/portfolio-website-464012/global/targetHttpsProxies/https-proxy",
            "server_tls_policy": "",
            "ssl_certificates": [
              "https://www.googleapis.com/compute/v1/projects/portfolio-website-464012/global/sslCertificates/ssl-cert"
            ],
            "ssl_policy": "",
            "timeouts": null,
            "tls_early_data": "DISABLED",
            "url_map": "https://www.googleapis.com/compute/v1/projects/portfolio-website-464012/global/urlMaps/static-url-map"
          },
          "sensitive_attributes": [],
          "private": "eyJlMmJmYjczMC1lY2FhLTExZTYtOGY4OC0zNDM2M2JjN2M0YzAiOnsiY3JlYXRlIjoxMjAwMDAwMDAwMDAwLCJkZWxldGUiOjEyMDAwMDAwMDAwMDAsInVwZGF0ZSI6MTIwMDAwMDAwMDAwMH19",
          "dependencies": [
            "google_compute_backend_bucket.static_backend",
            "google_compute_managed_ssl_certificate.ssl_cert",
            "google_compute_url_map.lb_url_map",
            "google_storage_bucket.resume_site"
          ]
        }
      ]
    },
    {
      "mode": "managed",
      "type": "google_compute_url_map",
      "name": "http_redirect",
      "provider": "provider[\"registry.terraform.io/hashicorp/google\"]",
      "instances": [
        {
          "schema_version": 0,
          "attributes": {
            "creation_timestamp": "2025-06-25T06:22:24.994-07:00",
            "default_custom_error_response_policy": [],
            "default_route_action": [],
            "default_service": "",
            "default_url_redirect": [
              {
                "host_redirect": "",
                "https_redirect": true,
                "path_redirect": "",
                "prefix_redirect": "",
                "redirect_response_code": "",
                "strip_query": false
              }
            ],
            "description": "",
            "fingerprint": "klc-Fo2eTc8=",
            "header_action": [],
            "host_rule": [],
            "id": "projects/portfolio-website-464012/global/urlMaps/http-redirect-map",
            "map_id": 2061335828406617855,
            "name": "http-redirect-map",
            "path_matcher": [],
            "project": "portfolio-website-464012",
            "self_link": "https://www.googleapis.com/compute/v1/projects/portfolio-website-464012/global/urlMaps/http-redirect-map",
            "test": [],
            "timeouts": null
          },
          "sensitive_attributes": [],
          "private": "eyJlMmJmYjczMC1lY2FhLTExZTYtOGY4OC0zNDM2M2JjN2M0YzAiOnsiY3JlYXRlIjoxMjAwMDAwMDAwMDAwLCJkZWxldGUiOjEyMDAwMDAwMDAwMDAsInVwZGF0ZSI6MTIwMDAwMDAwMDAwMH19"
        }
      ]
    },
    {
      "mode": "managed",
      "type": "google_compute_url_map",
      "name": "lb_url_map",
      "provider": "provider[\"registry.terraform.io/hashicorp/google\"]",
      "instances": [
        {
          "schema_version": 0,
          "attributes": {
            "creation_timestamp": "2025-06-25T06:22:41.313-07:00",
            "default_custom_error_response_policy": [],
            "default_route_action": [],
            "default_service": "https://www.googleapis.com/compute/v1/projects/portfolio-website-464012/global/backendBuckets/static-backend",
            "default_url_redirect": [],
            "description": "",
            "fingerprint": "xDmVkagTDNk=",
            "header_action": [],
            "host_rule": [],
            "id": "projects/portfolio-website-464012/global/urlMaps/static-url-map",
            "map_id": 3010327995127056078,
            "name": "static-url-map",
            "path_matcher": [],
            "project": "portfolio-website-464012",
            "self_link": "https://www.googleapis.com/compute/v1/projects/portfolio-website-464012/global/urlMaps/static-url-map",
            "test": [],
            "timeouts": null
          },
          "sensitive_attributes": [],
          "private": "eyJlMmJmYjczMC1lY2FhLTExZTYtOGY4OC0zNDM2M2JjN2M0YzAiOnsiY3JlYXRlIjoxMjAwMDAwMDAwMDAwLCJkZWxldGUiOjEyMDAwMDAwMDAwMDAsInVwZGF0ZSI6MTIwMDAwMDAwMDAwMH19",
          "dependencies": [
            "google_compute_backend_bucket.static_backend",
            "google_storage_bucket.resume_site"
          ]
        }
      ]
    },
    {
      "mode": "managed",
      "type": "google_monitoring_alert_policy",
      "name": "uptime_alert",
      "provider": "provider[\"registry.terraform.io/hashicorp/google\"]",
      "instances": [
        {
          "schema_version": 0,
          "attributes": {
            "alert_strategy": [],
            "combiner": "OR",
            "conditions": [
              {
                "condition_absent": [],
                "condition_matched_log": [],
                "condition_monitoring_query_language": [],
                "condition_prometheus_query_language": [],
                "condition_sql": [],
                "condition_threshold": [
                  {
                    "aggregations": [],
                    "comparison": "COMPARISON_LT",
                    "denominator_aggregations": [],
                    "denominator_filter": "",
                    "duration": "60s",
                    "evaluation_missing_data": "",
                    "filter": "metric.type=\"monitoring.googleapis.com/uptime_check/check_passed\" AND resource.type=\"uptime_url\"",
                    "forecast_options": [],
                    "threshold_value": 1,
                    "trigger": [
                      {
                        "count": 1,
                        "percent": 0
                      }
                    ]
                  }
                ],
                "display_name": "Uptime failure",
                "name": "projects/portfolio-website-464012/alertPolicies/13098149895677225416/conditions/13098149895677224503"
              }
            ],
            "creation_record": [
              {
                "mutate_time": "2025-07-01T09:57:22.318437391Z",
                "mutated_by": "shraddhaaangiras0911@gmail.com"
              }
            ],
            "display_name": "Uptime Check Failure Alert",
            "documentation": [],
            "enabled": true,
            "id": "projects/portfolio-website-464012/alertPolicies/13098149895677225416",
            "name": "projects/portfolio-website-464012/alertPolicies/13098149895677225416",
            "notification_channels": [
              "projects/portfolio-website-464012/notificationChannels/2513371246089807525"
            ],
            "project": "portfolio-website-464012",
            "severity": "",
            "timeouts": null,
            "user_labels": {}
          },
          "sensitive_attributes": [],
          "private": "eyJlMmJmYjczMC1lY2FhLTExZTYtOGY4OC0zNDM2M2JjN2M0YzAiOnsiY3JlYXRlIjoxMjAwMDAwMDAwMDAwLCJkZWxldGUiOjEyMDAwMDAwMDAwMDAsInVwZGF0ZSI6MTIwMDAwMDAwMDAwMH19",
          "dependencies": [
            "google_monitoring_notification_channel.email"
          ]
        }
      ]
    },
    {
      "mode": "managed",
      "type": "google_monitoring_notification_channel",
      "name": "email",
      "provider": "provider[\"registry.terraform.io/hashicorp/google\"]",
      "instances": [
        {
          "schema_version": 0,
          "attributes": {
            "description": "",
            "display_name": "Email Notifications",
            "enabled": true,
            "force_delete": false,
            "id": "projects/portfolio-website-464012/notificationChannels/2513371246089807525",
            "labels": {
              "email_address": "shraddhaaangiras0911@gmail.com"
            },
            "name": "projects/portfolio-website-464012/notificationChannels/2513371246089807525",
            "project": "portfolio-website-464012",
            "sensitive_labels": [],
            "timeouts": null,
            "type": "email",
            "user_labels": {},
            "verification_status": ""
          },
          "sensitive_attributes": [],
          "private": "eyJlMmJmYjczMC1lY2FhLTExZTYtOGY4OC0zNDM2M2JjN2M0YzAiOnsiY3JlYXRlIjoxMjAwMDAwMDAwMDAwLCJkZWxldGUiOjEyMDAwMDAwMDAwMDAsInVwZGF0ZSI6MTIwMDAwMDAwMDAwMH19"
        }
      ]
    },
    {
      "mode": "managed",
      "type": "google_monitoring_uptime_check_config",
      "name": "api",
      "provider": "provider[\"registry.terraform.io/hashicorp/google\"]",
      "instances": [
        {
          "schema_version": 0,
          "attributes": {
            "checker_type": "STATIC_IP_CHECKERS",
            "content_matchers": [],
            "display_name": "backend-healthcheck",
            "http_check": [
              {
                "accepted_response_status_codes": [],
                "auth_info": [],
                "body": "",
                "content_type": "",
                "custom_content_type": "",
                "headers": {},
                "mask_headers": false,
                "path": "/health-check",
                "ping_config": [],
                "port": 443,
                "request_method": "GET",
                "service_agent_authentication": [],
                "use_ssl": true,
                "validate_ssl": false
              }
            ],
            "id": "projects/portfolio-website-464012/uptimeCheckConfigs/backend-healthcheck-ANFRj9T1UWw",
            "log_check_failures": false,
            "monitored_resource": [
              {
                "labels": {
                  "host": "backend-272833152577.us-central1.run.app",
                  "project_id": "portfolio-website-464012"
                },
                "type": "uptime_url"
              }
            ],
            "name": "projects/portfolio-website-464012/uptimeCheckConfigs/backend-healthcheck-ANFRj9T1UWw",
            "period": "60s",
            "project": "portfolio-website-464012",
            "resource_group": [],
            "selected_regions": [],
            "synthetic_monitor": [],
            "tcp_check": [],
            "timeout": "10s",
            "timeouts": null,
            "uptime_check_id": "backend-healthcheck-ANFRj9T1UWw",
            "user_labels": {}
          },
          "sensitive_attributes": [],
          "private": "eyJlMmJmYjczMC1lY2FhLTExZTYtOGY4OC0zNDM2M2JjN2M0YzAiOnsiY3JlYXRlIjoxMjAwMDAwMDAwMDAwLCJkZWxldGUiOjEyMDAwMDAwMDAwMDAsInVwZGF0ZSI6MTIwMDAwMDAwMDAwMH19"
        }
      ]
    },
    {
      "mode": "managed",
      "type": "google_storage_bucket",
      "name": "resume_site",
      "provider": "provider[\"registry.terraform.io/hashicorp/google\"]",
      "instances": [
        {
          "schema_version": 3,
          "attributes": {
            "autoclass": [],
            "cors": [],
            "custom_placement_config": [],
            "default_event_based_hold": false,
            "effective_labels": {
              "goog-terraform-provisioned": "true"
            },
            "enable_object_retention": false,
            "encryption": [],
            "force_destroy": false,
            "hierarchical_namespace": [
              {
                "enabled": false
              }
            ],
            "id": "resume-site-2",
            "ip_filter": [],
            "labels": {},
            "lifecycle_rule": [],
            "location": "US-CENTRAL1",
            "logging": [],
            "name": "resume-site-2",
            "project": "portfolio-website-464012",
            "project_number": 276216995052,
            "public_access_prevention": "inherited",
            "requester_pays": false,
            "retention_policy": [],
            "rpo": null,
            "self_link": "https://www.googleapis.com/storage/v1/b/resume-site-2",
            "soft_delete_policy": [
              {
                "effective_time": "2025-06-25T13:22:24.370Z",
                "retention_duration_seconds": 604800
              }
            ],
            "storage_class": "STANDARD",
            "terraform_labels": {
              "goog-terraform-provisioned": "true"
            },
            "time_created": "2025-06-25T13:22:24.370Z",
            "timeouts": null,
            "uniform_bucket_level_access": true,
            "updated": "2025-06-25T13:22:28.832Z",
            "url": "gs://resume-site-2",
            "versioning": [],
            "website": [
              {
                "main_page_suffix": "index.html",
                "not_found_page": "404.html"
              }
            ]
          },
          "sensitive_attributes": [],
          "private": "eyJlMmJmYjczMC1lY2FhLTExZTYtOGY4OC0zNDM2M2JjN2M0YzAiOnsiY3JlYXRlIjo2MDAwMDAwMDAwMDAsInJlYWQiOjI0MDAwMDAwMDAwMCwidXBkYXRlIjoyNDAwMDAwMDAwMDB9LCJzY2hlbWFfdmVyc2lvbiI6IjMifQ=="
        }
      ]
    },
    {
      "mode": "managed",
      "type": "google_storage_bucket_iam_member",
      "name": "public_rule",
      "provider": "provider[\"registry.terraform.io/hashicorp/google\"]",
      "instances": [
        {
          "schema_version": 0,
          "attributes": {
            "bucket": "b/resume-site-2",
            "condition": [],
            "etag": "CAI=",
            "id": "b/resume-site-2/roles/storage.objectViewer/allUsers",
            "member": "allUsers",
            "role": "roles/storage.objectViewer"
          },
          "sensitive_attributes": [],
          "private": "bnVsbA==",
          "dependencies": [
            "google_storage_bucket.resume_site"
          ]
        }
      ]
    }
  ],
  "check_results": null
}
